
Microsoft Visual Studio Solution File, Format Version 12.00
# Visual Studio Version 16
VisualStudioVersion = 16.0.29411.108
MinimumVisualStudioVersion = 10.0.40219.1
Project("{9A19103F-16F7-4668-BE54-9A1E7A4F7556}") = "Database", "Database\Database.csproj", "{4DF92D40-A5E5-4A50-82EE-C5394F106CC1}"
EndProject
Project("{9A19103F-16F7-4668-BE54-9A1E7A4F7556}") = "UnitTest", "UnitTest\UnitTest.csproj", "{73BA5341-030A-4284-8D1A-BE7B218E9008}"
EndProject
Project("{9A19103F-16F7-4668-BE54-9A1E7A4F7556}") = "Logic", "Logic\Logic.csproj", "{B72E3213-8C0D-4FB4-A9B2-21FCA29E8233}"
EndProject
Global
	GlobalSection(SolutionConfigurationPlatforms) = preSolution
		Debug|Any CPU = Debug|Any CPU
		Release|Any CPU = Release|Any CPU
	EndGlobalSection
	GlobalSection(ProjectConfigurationPlatforms) = postSolution
		{4DF92D40-A5E5-4A50-82EE-C5394F106CC1}.Debug|Any CPU.ActiveCfg = Debug|Any CPU
		{4DF92D40-A5E5-4A50-82EE-C5394F106CC1}.Debug|Any CPU.Build.0 = Debug|Any CPU
		{4DF92D40-A5E5-4A50-82EE-C5394F106CC1}.Release|Any CPU.ActiveCfg = Release|Any CPU
		{4DF92D40-A5E5-4A50-82EE-C5394F106CC1}.Release|Any CPU.Build.0 = Release|Any CPU
		{73BA5341-030A-4284-8D1A-BE7B218E9008}.Debug|Any CPU.ActiveCfg = Debug|Any CPU
		{73BA5341-030A-4284-8D1A-BE7B218E9008}.Debug|Any CPU.Build.0 = Debug|Any CPU
		{73BA5341-030A-4284-8D1A-BE7B218E9008}.Release|Any CPU.ActiveCfg = Release|Any CPU
		{73BA5341-030A-4284-8D1A-BE7B218E9008}.Release|Any CPU.Build.0 = Release|Any CPU
		{B72E3213-8C0D-4FB4-A9B2-21FCA29E8233}.Debug|Any CPU.ActiveCfg = Debug|Any CPU
		{B72E3213-8C0D-4FB4-A9B2-21FCA29E8233}.Debug|Any CPU.Build.0 = Debug|Any CPU
		{B72E3213-8C0D-4FB4-A9B2-21FCA29E8233}.Release|Any CPU.ActiveCfg = Release|Any CPU
		{B72E3213-8C0D-4FB4-A9B2-21FCA29E8233}.Release|Any CPU.Build.0 = Release|Any CPU
	EndGlobalSection
	GlobalSection(SolutionProperties) = preSolution
		HideSolutionNode = FALSE
	EndGlobalSection
	GlobalSection(ExtensibilityGlobals) = postSolution
		SolutionGuid = {27169DBE-D96A-4C44-9844-D64721A178B8}
	EndGlobalSection
EndGlobal
